
Microsoft Visual Studio Solution File, Format Version 12.00
# Visual Studio Version 17
VisualStudioVersion = 17.3.32929.385
MinimumVisualStudioVersion = 10.0.40219.1
Project("{9A19103F-16F7-4668-BE54-9A1E7A4F7556}") = "ASPTEst", "ASPTEst.csproj", "{2B44E9F6-1ED4-4A53-830D-3B2EE6664D8B}"
EndProject
Project("{FAE04EC0-301F-11D3-BF4B-00C04F79EFBC}") = "ASPUnitTesting", "..\ASPUnitTesting\ASPUnitTesting.csproj", "{269BD260-3D4D-498A-B70B-B62208415004}"
EndProject
Global
	GlobalSection(SolutionConfigurationPlatforms) = preSolution
		Debug|Any CPU = Debug|Any CPU
		Release|Any CPU = Release|Any CPU
	EndGlobalSection
	GlobalSection(ProjectConfigurationPlatforms) = postSolution
		{2B44E9F6-1ED4-4A53-830D-3B2EE6664D8B}.Debug|Any CPU.ActiveCfg = Debug|Any CPU
		{2B44E9F6-1ED4-4A53-830D-3B2EE6664D8B}.Debug|Any CPU.Build.0 = Debug|Any CPU
		{2B44E9F6-1ED4-4A53-830D-3B2EE6664D8B}.Release|Any CPU.ActiveCfg = Release|Any CPU
		{2B44E9F6-1ED4-4A53-830D-3B2EE6664D8B}.Release|Any CPU.Build.0 = Release|Any CPU
		{269BD260-3D4D-498A-B70B-B62208415004}.Debug|Any CPU.ActiveCfg = Debug|Any CPU
		{269BD260-3D4D-498A-B70B-B62208415004}.Debug|Any CPU.Build.0 = Debug|Any CPU
		{269BD260-3D4D-498A-B70B-B62208415004}.Release|Any CPU.ActiveCfg = Release|Any CPU
		{269BD260-3D4D-498A-B70B-B62208415004}.Release|Any CPU.Build.0 = Release|Any CPU
	EndGlobalSection
	GlobalSection(SolutionProperties) = preSolution
		HideSolutionNode = FALSE
	EndGlobalSection
	GlobalSection(ExtensibilityGlobals) = postSolution
		SolutionGuid = {21620CA0-7858-40DD-8A7F-CC9556AE8506}
	EndGlobalSection
EndGlobal
